// !$*UTF8*$!
{
	archiveVersion = 1;
	classes = {
	};
	objectVersion = 50;
	objects = {

/* Begin PBXBuildFile section */
		CB55C7152317391600EA0C19 /* JointCounting.json in Resources */ = {isa = PBXBuildFile; fileRef = CB55C7142317391600EA0C19 /* JointCounting.json */; };
		CB55C71723173D6A00EA0C19 /* JointSelectionStepViewController.swift in Sources */ = {isa = PBXBuildFile; fileRef = CB55C71623173D6A00EA0C19 /* JointSelectionStepViewController.swift */; };
		CB55C725231773FF00EA0C19 /* JointPainStepViewController.swift in Sources */ = {isa = PBXBuildFile; fileRef = CB55C724231773FF00EA0C19 /* JointPainStepViewController.swift */; };
		CB55C72D2317859700EA0C19 /* JointPainStepViewController.xib in Resources */ = {isa = PBXBuildFile; fileRef = CB55C72C2317859700EA0C19 /* JointPainStepViewController.xib */; };
		CB55C72F231848CD00EA0C19 /* JointPainResultObject.swift in Sources */ = {isa = PBXBuildFile; fileRef = CB55C72E231848CD00EA0C19 /* JointPainResultObject.swift */; };
		CB55C73123187BB300EA0C19 /* CodableResultObjectTests.swift in Sources */ = {isa = PBXBuildFile; fileRef = CB55C73023187BB300EA0C19 /* CodableResultObjectTests.swift */; };
		CB55C7332318832400EA0C19 /* JointPainImageViewTests.swift in Sources */ = {isa = PBXBuildFile; fileRef = CB55C7322318832400EA0C19 /* JointPainImageViewTests.swift */; };
		CB55C7382319718D00EA0C19 /* JointPainStepObject.swift in Sources */ = {isa = PBXBuildFile; fileRef = CB55C7372319718D00EA0C19 /* JointPainStepObject.swift */; };
		CB55C73A231972BE00EA0C19 /* JointPainImageView.swift in Sources */ = {isa = PBXBuildFile; fileRef = CB55C739231972BE00EA0C19 /* JointPainImageView.swift */; };
		CB55C73C23198A1F00EA0C19 /* JointPainStepViewControllerTests.swift in Sources */ = {isa = PBXBuildFile; fileRef = CB55C73B23198A1F00EA0C19 /* JointPainStepViewControllerTests.swift */; };
		CB55C73E23198C1000EA0C19 /* JointPainCompletionStepViewController.swift in Sources */ = {isa = PBXBuildFile; fileRef = CB55C73D23198C1000EA0C19 /* JointPainCompletionStepViewController.swift */; };
		CB55C7402319A18300EA0C19 /* JointPainCompletionStepViewController.xib in Resources */ = {isa = PBXBuildFile; fileRef = CB55C73F2319A18300EA0C19 /* JointPainCompletionStepViewController.xib */; };
		CB5E95FB22EE7A390001AAFE /* ParticipantIDRegistrationViewController.xib in Resources */ = {isa = PBXBuildFile; fileRef = CB5E95FA22EE7A390001AAFE /* ParticipantIDRegistrationViewController.xib */; };
		CB5E960A22EE920D0001AAFE /* ExternalIDRegistrationViewController.xib in Resources */ = {isa = PBXBuildFile; fileRef = CB5E960922EE920D0001AAFE /* ExternalIDRegistrationViewController.xib */; };
		CB6F54F022E25C5B0073BFE9 /* ParticipantIDRegistrationViewController.swift in Sources */ = {isa = PBXBuildFile; fileRef = CB6F54EF22E25C5B0073BFE9 /* ParticipantIDRegistrationViewController.swift */; };
		CB9F5E1F22E0BED3003FBCEF /* lato_black.ttf in Resources */ = {isa = PBXBuildFile; fileRef = CB9F5E1422E0BEA3003FBCEF /* lato_black.ttf */; };
		CB9F5E2022E0BED3003FBCEF /* lato_bold.ttf in Resources */ = {isa = PBXBuildFile; fileRef = CB9F5E1222E0BEA3003FBCEF /* lato_bold.ttf */; };
		CB9F5E2122E0BED3003FBCEF /* lato_bolditalic.ttf in Resources */ = {isa = PBXBuildFile; fileRef = CB9F5E1522E0BEA3003FBCEF /* lato_bolditalic.ttf */; };
		CB9F5E2222E0BED3003FBCEF /* lato_italic.ttf in Resources */ = {isa = PBXBuildFile; fileRef = CB9F5E1622E0BEA3003FBCEF /* lato_italic.ttf */; };
		CB9F5E2322E0BED3003FBCEF /* lato_light.ttf in Resources */ = {isa = PBXBuildFile; fileRef = CB9F5E1322E0BEA3003FBCEF /* lato_light.ttf */; };
		CB9F5E2422E0BED3003FBCEF /* lato_lightitalic.ttf in Resources */ = {isa = PBXBuildFile; fileRef = CB9F5E1822E0BEA3003FBCEF /* lato_lightitalic.ttf */; };
		CB9F5E2522E0BED3003FBCEF /* lato_regular.ttf in Resources */ = {isa = PBXBuildFile; fileRef = CB9F5E1722E0BEA3003FBCEF /* lato_regular.ttf */; };
		CB9F5E2622E0BED4003FBCEF /* lato_black.ttf in Resources */ = {isa = PBXBuildFile; fileRef = CB9F5E1422E0BEA3003FBCEF /* lato_black.ttf */; };
		CB9F5E2722E0BED4003FBCEF /* lato_bold.ttf in Resources */ = {isa = PBXBuildFile; fileRef = CB9F5E1222E0BEA3003FBCEF /* lato_bold.ttf */; };
		CB9F5E2822E0BED4003FBCEF /* lato_bolditalic.ttf in Resources */ = {isa = PBXBuildFile; fileRef = CB9F5E1522E0BEA3003FBCEF /* lato_bolditalic.ttf */; };
		CB9F5E2922E0BED4003FBCEF /* lato_italic.ttf in Resources */ = {isa = PBXBuildFile; fileRef = CB9F5E1622E0BEA3003FBCEF /* lato_italic.ttf */; };
		CB9F5E2A22E0BED4003FBCEF /* lato_light.ttf in Resources */ = {isa = PBXBuildFile; fileRef = CB9F5E1322E0BEA3003FBCEF /* lato_light.ttf */; };
		CB9F5E2B22E0BED4003FBCEF /* lato_lightitalic.ttf in Resources */ = {isa = PBXBuildFile; fileRef = CB9F5E1822E0BEA3003FBCEF /* lato_lightitalic.ttf */; };
		CB9F5E2C22E0BED4003FBCEF /* lato_regular.ttf in Resources */ = {isa = PBXBuildFile; fileRef = CB9F5E1722E0BEA3003FBCEF /* lato_regular.ttf */; };
		CB9F5E4A22E0C2AA003FBCEF /* TaskListScheduleManagerTests.swift in Sources */ = {isa = PBXBuildFile; fileRef = CB9F5E3322E0C1A5003FBCEF /* TaskListScheduleManagerTests.swift */; };
		CB9F5E5222E0C2BA003FBCEF /* PsorcastTests.swift in Sources */ = {isa = PBXBuildFile; fileRef = CB9F5E5122E0C2BA003FBCEF /* PsorcastTests.swift */; };
		CB9F5E5B22E0C531003FBCEF /* CopyStepTests.swift in Sources */ = {isa = PBXBuildFile; fileRef = CB9F5E5922E0C530003FBCEF /* CopyStepTests.swift */; };
		CB9F5E5C22E0C531003FBCEF /* CodableStepObjectTests.swift in Sources */ = {isa = PBXBuildFile; fileRef = CB9F5E5A22E0C531003FBCEF /* CodableStepObjectTests.swift */; };
		CBD67D8122DFB8DE00998516 /* Psorcast.strings in Resources */ = {isa = PBXBuildFile; fileRef = CBD67D8022DFB8DE00998516 /* Psorcast.strings */; };
		CBD67D8422DFB90C00998516 /* ExternalIDRegistrationViewController.swift in Sources */ = {isa = PBXBuildFile; fileRef = CBD67D8322DFB90C00998516 /* ExternalIDRegistrationViewController.swift */; };
		CBD67D8822DFC59B00998516 /* TaskListTableViewController.swift in Sources */ = {isa = PBXBuildFile; fileRef = CBD67D8722DFC59B00998516 /* TaskListTableViewController.swift */; };
		CBD67D8B22DFC5CA00998516 /* TaskListScheduleManager.swift in Sources */ = {isa = PBXBuildFile; fileRef = CBD67D8A22DFC5CA00998516 /* TaskListScheduleManager.swift */; };
		CBD67D8D22DFC5EE00998516 /* MotorControl+Bridge.swift in Sources */ = {isa = PBXBuildFile; fileRef = CBD67D8C22DFC5EE00998516 /* MotorControl+Bridge.swift */; };
		CBD67D9122DFC6B400998516 /* BuildDateUtil.m in Sources */ = {isa = PBXBuildFile; fileRef = CBD67D9022DFC6B400998516 /* BuildDateUtil.m */; };
		CBD67D9322DFC71E00998516 /* TaskFactory.swift in Sources */ = {isa = PBXBuildFile; fileRef = CBD67D9222DFC71E00998516 /* TaskFactory.swift */; };
		CBD67D9622DFDABE00998516 /* HandImaging.json in Resources */ = {isa = PBXBuildFile; fileRef = CBD67D9522DFDABE00998516 /* HandImaging.json */; };
		CBD67D9922DFDC4E00998516 /* ImageCaptureStepViewController.xib in Resources */ = {isa = PBXBuildFile; fileRef = CBD67D9722DFDC4E00998516 /* ImageCaptureStepViewController.xib */; };
		CBD67D9A22DFDC4E00998516 /* ImageCaptureStepViewController.swift in Sources */ = {isa = PBXBuildFile; fileRef = CBD67D9822DFDC4E00998516 /* ImageCaptureStepViewController.swift */; };
		CBD67D9C22DFE11B00998516 /* FootImaging.json in Resources */ = {isa = PBXBuildFile; fileRef = CBD67D9B22DFE11A00998516 /* FootImaging.json */; };
		FF50109F22DD21420035E83C /* BridgeInfo.plist in Resources */ = {isa = PBXBuildFile; fileRef = FF50109E22DD21420035E83C /* BridgeInfo.plist */; };
		FF5010A122DD214A0035E83C /* BridgeInfo.plist in Resources */ = {isa = PBXBuildFile; fileRef = FF5010A022DD214A0035E83C /* BridgeInfo.plist */; };
		FF5010A822DD22A50035E83C /* psorcast-validation.pem in Resources */ = {isa = PBXBuildFile; fileRef = FF5010A622DD22A50035E83C /* psorcast-validation.pem */; };
		FF5010A922DD22A50035E83C /* BridgeInfo-private.plist in Resources */ = {isa = PBXBuildFile; fileRef = FF5010A722DD22A50035E83C /* BridgeInfo-private.plist */; };
		FFABCBC222DD1EEB00D11109 /* AppDelegate.swift in Sources */ = {isa = PBXBuildFile; fileRef = FFABCBC122DD1EEB00D11109 /* AppDelegate.swift */; };
		FFABCBC422DD1EEB00D11109 /* ViewController.swift in Sources */ = {isa = PBXBuildFile; fileRef = FFABCBC322DD1EEB00D11109 /* ViewController.swift */; };
		FFABCBC722DD1EEB00D11109 /* Main.storyboard in Resources */ = {isa = PBXBuildFile; fileRef = FFABCBC522DD1EEB00D11109 /* Main.storyboard */; };
		FFABCBC922DD1EEC00D11109 /* Assets.xcassets in Resources */ = {isa = PBXBuildFile; fileRef = FFABCBC822DD1EEC00D11109 /* Assets.xcassets */; };
		FFABCBCC22DD1EEC00D11109 /* LaunchScreen.storyboard in Resources */ = {isa = PBXBuildFile; fileRef = FFABCBCA22DD1EEC00D11109 /* LaunchScreen.storyboard */; };
		FFABCBE822DD1F2800D11109 /* AppDelegate.swift in Sources */ = {isa = PBXBuildFile; fileRef = FFABCBE722DD1F2800D11109 /* AppDelegate.swift */; };
		FFABCBEA22DD1F2800D11109 /* ViewController.swift in Sources */ = {isa = PBXBuildFile; fileRef = FFABCBE922DD1F2800D11109 /* ViewController.swift */; };
		FFABCBED22DD1F2800D11109 /* Main.storyboard in Resources */ = {isa = PBXBuildFile; fileRef = FFABCBEB22DD1F2800D11109 /* Main.storyboard */; };
		FFABCBEF22DD1F2800D11109 /* Assets.xcassets in Resources */ = {isa = PBXBuildFile; fileRef = FFABCBEE22DD1F2800D11109 /* Assets.xcassets */; };
		FFABCBF222DD1F2800D11109 /* LaunchScreen.storyboard in Resources */ = {isa = PBXBuildFile; fileRef = FFABCBF022DD1F2800D11109 /* LaunchScreen.storyboard */; };
		FFABCBF822DD1FAB00D11109 /* Research.framework in Frameworks */ = {isa = PBXBuildFile; fileRef = FFABCBF722DD1FAB00D11109 /* Research.framework */; };
		FFABCBF922DD1FAB00D11109 /* Research.framework in Embed Frameworks */ = {isa = PBXBuildFile; fileRef = FFABCBF722DD1FAB00D11109 /* Research.framework */; settings = {ATTRIBUTES = (CodeSignOnCopy, RemoveHeadersOnCopy, ); }; };
		FFABCBFC22DD1FB500D11109 /* ResearchUI.framework in Frameworks */ = {isa = PBXBuildFile; fileRef = FFABCBFB22DD1FB500D11109 /* ResearchUI.framework */; };
		FFABCBFD22DD1FB500D11109 /* ResearchUI.framework in Embed Frameworks */ = {isa = PBXBuildFile; fileRef = FFABCBFB22DD1FB500D11109 /* ResearchUI.framework */; settings = {ATTRIBUTES = (CodeSignOnCopy, RemoveHeadersOnCopy, ); }; };
		FFABCBFF22DD1FBC00D11109 /* ResearchMotion.framework in Frameworks */ = {isa = PBXBuildFile; fileRef = FFABCBFE22DD1FBC00D11109 /* ResearchMotion.framework */; };
		FFABCC0022DD1FBC00D11109 /* ResearchMotion.framework in Embed Frameworks */ = {isa = PBXBuildFile; fileRef = FFABCBFE22DD1FBC00D11109 /* ResearchMotion.framework */; settings = {ATTRIBUTES = (CodeSignOnCopy, RemoveHeadersOnCopy, ); }; };
		FFABCC0222DD1FC900D11109 /* MotorControl.framework in Frameworks */ = {isa = PBXBuildFile; fileRef = FFABCC0122DD1FC900D11109 /* MotorControl.framework */; };
		FFABCC0322DD1FC900D11109 /* MotorControl.framework in Embed Frameworks */ = {isa = PBXBuildFile; fileRef = FFABCC0122DD1FC900D11109 /* MotorControl.framework */; settings = {ATTRIBUTES = (CodeSignOnCopy, RemoveHeadersOnCopy, ); }; };
		FFABCC0522DD1FCF00D11109 /* BridgeApp.framework in Frameworks */ = {isa = PBXBuildFile; fileRef = FFABCC0422DD1FCF00D11109 /* BridgeApp.framework */; };
		FFABCC0622DD1FCF00D11109 /* BridgeApp.framework in Embed Frameworks */ = {isa = PBXBuildFile; fileRef = FFABCC0422DD1FCF00D11109 /* BridgeApp.framework */; settings = {ATTRIBUTES = (CodeSignOnCopy, RemoveHeadersOnCopy, ); }; };
		FFABCC0822DD1FDB00D11109 /* BridgeSDK.framework in Frameworks */ = {isa = PBXBuildFile; fileRef = FFABCC0722DD1FDB00D11109 /* BridgeSDK.framework */; };
		FFABCC0922DD1FDB00D11109 /* BridgeSDK.framework in Embed Frameworks */ = {isa = PBXBuildFile; fileRef = FFABCC0722DD1FDB00D11109 /* BridgeSDK.framework */; settings = {ATTRIBUTES = (CodeSignOnCopy, RemoveHeadersOnCopy, ); }; };
/* End PBXBuildFile section */

/* Begin PBXContainerItemProxy section */
		CB9F5E4522E0C27D003FBCEF /* PBXContainerItemProxy */ = {
			isa = PBXContainerItemProxy;
			containerPortal = FFABCBB622DD1EEB00D11109 /* Project object */;
			proxyType = 1;
			remoteGlobalIDString = FFABCBE422DD1F2800D11109;
			remoteInfo = PsorcastValidation;
		};
		CB9F5E5422E0C2BA003FBCEF /* PBXContainerItemProxy */ = {
			isa = PBXContainerItemProxy;
			containerPortal = FFABCBB622DD1EEB00D11109 /* Project object */;
			proxyType = 1;
			remoteGlobalIDString = FFABCBBD22DD1EEB00D11109;
			remoteInfo = Psorcast;
		};
/* End PBXContainerItemProxy section */

/* Begin PBXCopyFilesBuildPhase section */
		FFABCBFA22DD1FAC00D11109 /* Embed Frameworks */ = {
			isa = PBXCopyFilesBuildPhase;
			buildActionMask = 2147483647;
			dstPath = "";
			dstSubfolderSpec = 10;
			files = (
				FFABCC0622DD1FCF00D11109 /* BridgeApp.framework in Embed Frameworks */,
				FFABCC0322DD1FC900D11109 /* MotorControl.framework in Embed Frameworks */,
				FFABCC0922DD1FDB00D11109 /* BridgeSDK.framework in Embed Frameworks */,
				FFABCC0022DD1FBC00D11109 /* ResearchMotion.framework in Embed Frameworks */,
				FFABCBF922DD1FAB00D11109 /* Research.framework in Embed Frameworks */,
				FFABCBFD22DD1FB500D11109 /* ResearchUI.framework in Embed Frameworks */,
			);
			name = "Embed Frameworks";
			runOnlyForDeploymentPostprocessing = 0;
		};
/* End PBXCopyFilesBuildPhase section */

/* Begin PBXFileReference section */
		CB55C7142317391600EA0C19 /* JointCounting.json */ = {isa = PBXFileReference; fileEncoding = 4; lastKnownFileType = text.json; path = JointCounting.json; sourceTree = "<group>"; };
		CB55C71623173D6A00EA0C19 /* JointSelectionStepViewController.swift */ = {isa = PBXFileReference; lastKnownFileType = sourcecode.swift; path = JointSelectionStepViewController.swift; sourceTree = "<group>"; };
		CB55C724231773FF00EA0C19 /* JointPainStepViewController.swift */ = {isa = PBXFileReference; lastKnownFileType = sourcecode.swift; path = JointPainStepViewController.swift; sourceTree = "<group>"; };
		CB55C72C2317859700EA0C19 /* JointPainStepViewController.xib */ = {isa = PBXFileReference; fileEncoding = 4; lastKnownFileType = file.xib; path = JointPainStepViewController.xib; sourceTree = "<group>"; };
		CB55C72E231848CD00EA0C19 /* JointPainResultObject.swift */ = {isa = PBXFileReference; lastKnownFileType = sourcecode.swift; path = JointPainResultObject.swift; sourceTree = "<group>"; };
		CB55C73023187BB300EA0C19 /* CodableResultObjectTests.swift */ = {isa = PBXFileReference; lastKnownFileType = sourcecode.swift; path = CodableResultObjectTests.swift; sourceTree = "<group>"; };
		CB55C7322318832400EA0C19 /* JointPainImageViewTests.swift */ = {isa = PBXFileReference; lastKnownFileType = sourcecode.swift; path = JointPainImageViewTests.swift; sourceTree = "<group>"; };
		CB55C7372319718D00EA0C19 /* JointPainStepObject.swift */ = {isa = PBXFileReference; lastKnownFileType = sourcecode.swift; path = JointPainStepObject.swift; sourceTree = "<group>"; };
		CB55C739231972BE00EA0C19 /* JointPainImageView.swift */ = {isa = PBXFileReference; lastKnownFileType = sourcecode.swift; path = JointPainImageView.swift; sourceTree = "<group>"; };
		CB55C73B23198A1F00EA0C19 /* JointPainStepViewControllerTests.swift */ = {isa = PBXFileReference; lastKnownFileType = sourcecode.swift; path = JointPainStepViewControllerTests.swift; sourceTree = "<group>"; };
		CB55C73D23198C1000EA0C19 /* JointPainCompletionStepViewController.swift */ = {isa = PBXFileReference; lastKnownFileType = sourcecode.swift; path = JointPainCompletionStepViewController.swift; sourceTree = "<group>"; };
		CB55C73F2319A18300EA0C19 /* JointPainCompletionStepViewController.xib */ = {isa = PBXFileReference; fileEncoding = 4; lastKnownFileType = file.xib; path = JointPainCompletionStepViewController.xib; sourceTree = "<group>"; };
		CB5E95FA22EE7A390001AAFE /* ParticipantIDRegistrationViewController.xib */ = {isa = PBXFileReference; fileEncoding = 4; lastKnownFileType = file.xib; path = ParticipantIDRegistrationViewController.xib; sourceTree = "<group>"; };
		CB5E960922EE920D0001AAFE /* ExternalIDRegistrationViewController.xib */ = {isa = PBXFileReference; fileEncoding = 4; lastKnownFileType = file.xib; path = ExternalIDRegistrationViewController.xib; sourceTree = "<group>"; };
		CB6F54EF22E25C5B0073BFE9 /* ParticipantIDRegistrationViewController.swift */ = {isa = PBXFileReference; fileEncoding = 4; lastKnownFileType = sourcecode.swift; path = ParticipantIDRegistrationViewController.swift; sourceTree = "<group>"; };
		CB9F5E1222E0BEA3003FBCEF /* lato_bold.ttf */ = {isa = PBXFileReference; lastKnownFileType = file; name = lato_bold.ttf; path = Fonts/lato_bold.ttf; sourceTree = "<group>"; };
		CB9F5E1322E0BEA3003FBCEF /* lato_light.ttf */ = {isa = PBXFileReference; lastKnownFileType = file; name = lato_light.ttf; path = Fonts/lato_light.ttf; sourceTree = "<group>"; };
		CB9F5E1422E0BEA3003FBCEF /* lato_black.ttf */ = {isa = PBXFileReference; lastKnownFileType = file; name = lato_black.ttf; path = Fonts/lato_black.ttf; sourceTree = "<group>"; };
		CB9F5E1522E0BEA3003FBCEF /* lato_bolditalic.ttf */ = {isa = PBXFileReference; lastKnownFileType = file; name = lato_bolditalic.ttf; path = Fonts/lato_bolditalic.ttf; sourceTree = "<group>"; };
		CB9F5E1622E0BEA3003FBCEF /* lato_italic.ttf */ = {isa = PBXFileReference; lastKnownFileType = file; name = lato_italic.ttf; path = Fonts/lato_italic.ttf; sourceTree = "<group>"; };
		CB9F5E1722E0BEA3003FBCEF /* lato_regular.ttf */ = {isa = PBXFileReference; lastKnownFileType = file; name = lato_regular.ttf; path = Fonts/lato_regular.ttf; sourceTree = "<group>"; };
		CB9F5E1822E0BEA3003FBCEF /* lato_lightitalic.ttf */ = {isa = PBXFileReference; lastKnownFileType = file; name = lato_lightitalic.ttf; path = Fonts/lato_lightitalic.ttf; sourceTree = "<group>"; };
		CB9F5E3322E0C1A5003FBCEF /* TaskListScheduleManagerTests.swift */ = {isa = PBXFileReference; fileEncoding = 4; lastKnownFileType = sourcecode.swift; path = TaskListScheduleManagerTests.swift; sourceTree = "<group>"; };
		CB9F5E4022E0C27C003FBCEF /* PsorcastValidationTests.xctest */ = {isa = PBXFileReference; explicitFileType = wrapper.cfbundle; includeInIndex = 0; path = PsorcastValidationTests.xctest; sourceTree = BUILT_PRODUCTS_DIR; };
		CB9F5E4422E0C27D003FBCEF /* Info.plist */ = {isa = PBXFileReference; lastKnownFileType = text.plist.xml; path = Info.plist; sourceTree = "<group>"; };
		CB9F5E4F22E0C2BA003FBCEF /* PsorcastTests.xctest */ = {isa = PBXFileReference; explicitFileType = wrapper.cfbundle; includeInIndex = 0; path = PsorcastTests.xctest; sourceTree = BUILT_PRODUCTS_DIR; };
		CB9F5E5122E0C2BA003FBCEF /* PsorcastTests.swift */ = {isa = PBXFileReference; lastKnownFileType = sourcecode.swift; path = PsorcastTests.swift; sourceTree = "<group>"; };
		CB9F5E5322E0C2BA003FBCEF /* Info.plist */ = {isa = PBXFileReference; lastKnownFileType = text.plist.xml; path = Info.plist; sourceTree = "<group>"; };
		CB9F5E5922E0C530003FBCEF /* CopyStepTests.swift */ = {isa = PBXFileReference; fileEncoding = 4; lastKnownFileType = sourcecode.swift; path = CopyStepTests.swift; sourceTree = "<group>"; };
		CB9F5E5A22E0C531003FBCEF /* CodableStepObjectTests.swift */ = {isa = PBXFileReference; fileEncoding = 4; lastKnownFileType = sourcecode.swift; path = CodableStepObjectTests.swift; sourceTree = "<group>"; };
		CBD67D8022DFB8DE00998516 /* Psorcast.strings */ = {isa = PBXFileReference; fileEncoding = 4; lastKnownFileType = text.plist.strings; path = Psorcast.strings; sourceTree = "<group>"; };
		CBD67D8322DFB90C00998516 /* ExternalIDRegistrationViewController.swift */ = {isa = PBXFileReference; fileEncoding = 4; lastKnownFileType = sourcecode.swift; path = ExternalIDRegistrationViewController.swift; sourceTree = "<group>"; };
		CBD67D8622DFC45200998516 /* PsorcastValidation.entitlements */ = {isa = PBXFileReference; lastKnownFileType = text.plist.entitlements; path = PsorcastValidation.entitlements; sourceTree = "<group>"; };
		CBD67D8722DFC59B00998516 /* TaskListTableViewController.swift */ = {isa = PBXFileReference; fileEncoding = 4; lastKnownFileType = sourcecode.swift; path = TaskListTableViewController.swift; sourceTree = "<group>"; };
		CBD67D8A22DFC5CA00998516 /* TaskListScheduleManager.swift */ = {isa = PBXFileReference; fileEncoding = 4; lastKnownFileType = sourcecode.swift; path = TaskListScheduleManager.swift; sourceTree = "<group>"; };
		CBD67D8C22DFC5EE00998516 /* MotorControl+Bridge.swift */ = {isa = PBXFileReference; fileEncoding = 4; lastKnownFileType = sourcecode.swift; path = "MotorControl+Bridge.swift"; sourceTree = "<group>"; };
		CBD67D8F22DFC6B400998516 /* PsorcastValidation-Bridging-Header.h */ = {isa = PBXFileReference; lastKnownFileType = sourcecode.c.h; path = "PsorcastValidation-Bridging-Header.h"; sourceTree = "<group>"; };
		CBD67D9022DFC6B400998516 /* BuildDateUtil.m */ = {isa = PBXFileReference; fileEncoding = 4; lastKnownFileType = sourcecode.c.objc; path = BuildDateUtil.m; sourceTree = "<group>"; };
		CBD67D9222DFC71E00998516 /* TaskFactory.swift */ = {isa = PBXFileReference; fileEncoding = 4; lastKnownFileType = sourcecode.swift; path = TaskFactory.swift; sourceTree = "<group>"; };
		CBD67D9522DFDABE00998516 /* HandImaging.json */ = {isa = PBXFileReference; fileEncoding = 4; lastKnownFileType = text.json; path = HandImaging.json; sourceTree = "<group>"; };
		CBD67D9722DFDC4E00998516 /* ImageCaptureStepViewController.xib */ = {isa = PBXFileReference; fileEncoding = 4; lastKnownFileType = file.xib; path = ImageCaptureStepViewController.xib; sourceTree = "<group>"; };
		CBD67D9822DFDC4E00998516 /* ImageCaptureStepViewController.swift */ = {isa = PBXFileReference; fileEncoding = 4; lastKnownFileType = sourcecode.swift; path = ImageCaptureStepViewController.swift; sourceTree = "<group>"; };
		CBD67D9B22DFE11A00998516 /* FootImaging.json */ = {isa = PBXFileReference; fileEncoding = 4; lastKnownFileType = text.json; path = FootImaging.json; sourceTree = "<group>"; };
		FF50109E22DD21420035E83C /* BridgeInfo.plist */ = {isa = PBXFileReference; fileEncoding = 4; lastKnownFileType = text.plist.xml; path = BridgeInfo.plist; sourceTree = "<group>"; };
		FF5010A022DD214A0035E83C /* BridgeInfo.plist */ = {isa = PBXFileReference; fileEncoding = 4; lastKnownFileType = text.plist.xml; path = BridgeInfo.plist; sourceTree = "<group>"; };
		FF5010A622DD22A50035E83C /* psorcast-validation.pem */ = {isa = PBXFileReference; fileEncoding = 4; lastKnownFileType = text; name = "psorcast-validation.pem"; path = "../../../iOSPrivateProjectInfo/PsorcastValidation/psorcast-validation.pem"; sourceTree = "<group>"; };
		FF5010A722DD22A50035E83C /* BridgeInfo-private.plist */ = {isa = PBXFileReference; fileEncoding = 4; lastKnownFileType = text.plist.xml; name = "BridgeInfo-private.plist"; path = "../../../iOSPrivateProjectInfo/PsorcastValidation/BridgeInfo-private.plist"; sourceTree = "<group>"; };
		FFABCBBE22DD1EEB00D11109 /* Psorcast.app */ = {isa = PBXFileReference; explicitFileType = wrapper.application; includeInIndex = 0; path = Psorcast.app; sourceTree = BUILT_PRODUCTS_DIR; };
		FFABCBC122DD1EEB00D11109 /* AppDelegate.swift */ = {isa = PBXFileReference; lastKnownFileType = sourcecode.swift; path = AppDelegate.swift; sourceTree = "<group>"; };
		FFABCBC322DD1EEB00D11109 /* ViewController.swift */ = {isa = PBXFileReference; lastKnownFileType = sourcecode.swift; path = ViewController.swift; sourceTree = "<group>"; };
		FFABCBC622DD1EEB00D11109 /* Base */ = {isa = PBXFileReference; lastKnownFileType = file.storyboard; name = Base; path = Base.lproj/Main.storyboard; sourceTree = "<group>"; };
		FFABCBC822DD1EEC00D11109 /* Assets.xcassets */ = {isa = PBXFileReference; lastKnownFileType = folder.assetcatalog; path = Assets.xcassets; sourceTree = "<group>"; };
		FFABCBCB22DD1EEC00D11109 /* Base */ = {isa = PBXFileReference; lastKnownFileType = file.storyboard; name = Base; path = Base.lproj/LaunchScreen.storyboard; sourceTree = "<group>"; };
		FFABCBCD22DD1EEC00D11109 /* Info.plist */ = {isa = PBXFileReference; lastKnownFileType = text.plist.xml; path = Info.plist; sourceTree = "<group>"; };
		FFABCBD622DD1EEC00D11109 /* PsorcastTests.swift */ = {isa = PBXFileReference; lastKnownFileType = sourcecode.swift; path = PsorcastTests.swift; sourceTree = "<group>"; };
		FFABCBD822DD1EEC00D11109 /* Info.plist */ = {isa = PBXFileReference; lastKnownFileType = text.plist.xml; path = Info.plist; sourceTree = "<group>"; };
		FFABCBE522DD1F2800D11109 /* PsorcastValidation.app */ = {isa = PBXFileReference; explicitFileType = wrapper.application; includeInIndex = 0; path = PsorcastValidation.app; sourceTree = BUILT_PRODUCTS_DIR; };
		FFABCBE722DD1F2800D11109 /* AppDelegate.swift */ = {isa = PBXFileReference; lastKnownFileType = sourcecode.swift; path = AppDelegate.swift; sourceTree = "<group>"; };
		FFABCBE922DD1F2800D11109 /* ViewController.swift */ = {isa = PBXFileReference; lastKnownFileType = sourcecode.swift; path = ViewController.swift; sourceTree = "<group>"; };
		FFABCBEC22DD1F2800D11109 /* Base */ = {isa = PBXFileReference; lastKnownFileType = file.storyboard; name = Base; path = Base.lproj/Main.storyboard; sourceTree = "<group>"; };
		FFABCBEE22DD1F2800D11109 /* Assets.xcassets */ = {isa = PBXFileReference; lastKnownFileType = folder.assetcatalog; path = Assets.xcassets; sourceTree = "<group>"; };
		FFABCBF122DD1F2800D11109 /* Base */ = {isa = PBXFileReference; lastKnownFileType = file.storyboard; name = Base; path = Base.lproj/LaunchScreen.storyboard; sourceTree = "<group>"; };
		FFABCBF322DD1F2800D11109 /* Info.plist */ = {isa = PBXFileReference; lastKnownFileType = text.plist.xml; path = Info.plist; sourceTree = "<group>"; };
		FFABCBF722DD1FAB00D11109 /* Research.framework */ = {isa = PBXFileReference; explicitFileType = wrapper.framework; path = Research.framework; sourceTree = BUILT_PRODUCTS_DIR; };
		FFABCBFB22DD1FB500D11109 /* ResearchUI.framework */ = {isa = PBXFileReference; explicitFileType = wrapper.framework; path = ResearchUI.framework; sourceTree = BUILT_PRODUCTS_DIR; };
		FFABCBFE22DD1FBC00D11109 /* ResearchMotion.framework */ = {isa = PBXFileReference; explicitFileType = wrapper.framework; path = ResearchMotion.framework; sourceTree = BUILT_PRODUCTS_DIR; };
		FFABCC0122DD1FC900D11109 /* MotorControl.framework */ = {isa = PBXFileReference; explicitFileType = wrapper.framework; path = MotorControl.framework; sourceTree = BUILT_PRODUCTS_DIR; };
		FFABCC0422DD1FCF00D11109 /* BridgeApp.framework */ = {isa = PBXFileReference; explicitFileType = wrapper.framework; path = BridgeApp.framework; sourceTree = BUILT_PRODUCTS_DIR; };
		FFABCC0722DD1FDB00D11109 /* BridgeSDK.framework */ = {isa = PBXFileReference; explicitFileType = wrapper.framework; path = BridgeSDK.framework; sourceTree = BUILT_PRODUCTS_DIR; };
/* End PBXFileReference section */

/* Begin PBXFrameworksBuildPhase section */
		CB9F5E3D22E0C27C003FBCEF /* Frameworks */ = {
			isa = PBXFrameworksBuildPhase;
			buildActionMask = 2147483647;
			files = (
			);
			runOnlyForDeploymentPostprocessing = 0;
		};
		CB9F5E4C22E0C2BA003FBCEF /* Frameworks */ = {
			isa = PBXFrameworksBuildPhase;
			buildActionMask = 2147483647;
			files = (
			);
			runOnlyForDeploymentPostprocessing = 0;
		};
		FFABCBBB22DD1EEB00D11109 /* Frameworks */ = {
			isa = PBXFrameworksBuildPhase;
			buildActionMask = 2147483647;
			files = (
			);
			runOnlyForDeploymentPostprocessing = 0;
		};
		FFABCBE222DD1F2800D11109 /* Frameworks */ = {
			isa = PBXFrameworksBuildPhase;
			buildActionMask = 2147483647;
			files = (
				FFABCC0522DD1FCF00D11109 /* BridgeApp.framework in Frameworks */,
				FFABCC0222DD1FC900D11109 /* MotorControl.framework in Frameworks */,
				FFABCC0822DD1FDB00D11109 /* BridgeSDK.framework in Frameworks */,
				FFABCBFF22DD1FBC00D11109 /* ResearchMotion.framework in Frameworks */,
				FFABCBF822DD1FAB00D11109 /* Research.framework in Frameworks */,
				FFABCBFC22DD1FB500D11109 /* ResearchUI.framework in Frameworks */,
			);
			runOnlyForDeploymentPostprocessing = 0;
		};
/* End PBXFrameworksBuildPhase section */

/* Begin PBXGroup section */
		CB9F5E1122E0BE8D003FBCEF /* Fonts */ = {
			isa = PBXGroup;
			children = (
				CB9F5E1422E0BEA3003FBCEF /* lato_black.ttf */,
				CB9F5E1222E0BEA3003FBCEF /* lato_bold.ttf */,
				CB9F5E1522E0BEA3003FBCEF /* lato_bolditalic.ttf */,
				CB9F5E1622E0BEA3003FBCEF /* lato_italic.ttf */,
				CB9F5E1322E0BEA3003FBCEF /* lato_light.ttf */,
				CB9F5E1822E0BEA3003FBCEF /* lato_lightitalic.ttf */,
				CB9F5E1722E0BEA3003FBCEF /* lato_regular.ttf */,
			);
			name = Fonts;
			sourceTree = "<group>";
		};
		CB9F5E4122E0C27D003FBCEF /* PsorcastValidationTests */ = {
			isa = PBXGroup;
			children = (
				CB55C73B23198A1F00EA0C19 /* JointPainStepViewControllerTests.swift */,
				CB55C7322318832400EA0C19 /* JointPainImageViewTests.swift */,
				CB55C73023187BB300EA0C19 /* CodableResultObjectTests.swift */,
				CB9F5E5A22E0C531003FBCEF /* CodableStepObjectTests.swift */,
				CB9F5E5922E0C530003FBCEF /* CopyStepTests.swift */,
				CB9F5E3322E0C1A5003FBCEF /* TaskListScheduleManagerTests.swift */,
				CB9F5E4422E0C27D003FBCEF /* Info.plist */,
			);
			path = PsorcastValidationTests;
			sourceTree = "<group>";
		};
		CB9F5E5022E0C2BA003FBCEF /* PsorcastTests */ = {
			isa = PBXGroup;
			children = (
				CB9F5E5122E0C2BA003FBCEF /* PsorcastTests.swift */,
				CB9F5E5322E0C2BA003FBCEF /* Info.plist */,
			);
			path = PsorcastTests;
			sourceTree = "<group>";
		};
		CBD67D7F22DFB8C400998516 /* Resources */ = {
			isa = PBXGroup;
			children = (
				CB9F5E1122E0BE8D003FBCEF /* Fonts */,
				CBD67D9422DFDAA700998516 /* JSON */,
				CBD67D8022DFB8DE00998516 /* Psorcast.strings */,
			);
			name = Resources;
			sourceTree = "<group>";
		};
		CBD67D8222DFB8F600998516 /* ViewControllers */ = {
			isa = PBXGroup;
			children = (
				CBD67D8722DFC59B00998516 /* TaskListTableViewController.swift */,
				CBD67D8322DFB90C00998516 /* ExternalIDRegistrationViewController.swift */,
				CB5E960922EE920D0001AAFE /* ExternalIDRegistrationViewController.xib */,
				CB6F54EF22E25C5B0073BFE9 /* ParticipantIDRegistrationViewController.swift */,
				CB5E95FA22EE7A390001AAFE /* ParticipantIDRegistrationViewController.xib */,
				CBD67D9822DFDC4E00998516 /* ImageCaptureStepViewController.swift */,
				CBD67D9722DFDC4E00998516 /* ImageCaptureStepViewController.xib */,
				CB55C71623173D6A00EA0C19 /* JointSelectionStepViewController.swift */,
				CB55C7372319718D00EA0C19 /* JointPainStepObject.swift */,
				CB55C72E231848CD00EA0C19 /* JointPainResultObject.swift */,
				CB55C739231972BE00EA0C19 /* JointPainImageView.swift */,
				CB55C724231773FF00EA0C19 /* JointPainStepViewController.swift */,
				CB55C72C2317859700EA0C19 /* JointPainStepViewController.xib */,
				CB55C73D23198C1000EA0C19 /* JointPainCompletionStepViewController.swift */,
				CB55C73F2319A18300EA0C19 /* JointPainCompletionStepViewController.xib */,
			);
			name = ViewControllers;
			sourceTree = "<group>";
		};
		CBD67D8922DFC5B500998516 /* Model */ = {
			isa = PBXGroup;
			children = (
				CBD67D9222DFC71E00998516 /* TaskFactory.swift */,
				CBD67D8C22DFC5EE00998516 /* MotorControl+Bridge.swift */,
				CBD67D8A22DFC5CA00998516 /* TaskListScheduleManager.swift */,
			);
			name = Model;
			sourceTree = "<group>";
		};
		CBD67D8E22DFC69700998516 /* ObjC */ = {
			isa = PBXGroup;
			children = (
				CBD67D9022DFC6B400998516 /* BuildDateUtil.m */,
				CBD67D8F22DFC6B400998516 /* PsorcastValidation-Bridging-Header.h */,
			);
			name = ObjC;
			sourceTree = "<group>";
		};
		CBD67D9422DFDAA700998516 /* JSON */ = {
			isa = PBXGroup;
			children = (
				CBD67D9B22DFE11A00998516 /* FootImaging.json */,
				CBD67D9522DFDABE00998516 /* HandImaging.json */,
				CB55C7142317391600EA0C19 /* JointCounting.json */,
			);
			name = JSON;
			sourceTree = "<group>";
		};
		FF50109C22DD20DE0035E83C /* Support Files */ = {
			isa = PBXGroup;
			children = (
				FF5010A022DD214A0035E83C /* BridgeInfo.plist */,
				FFABCBCD22DD1EEC00D11109 /* Info.plist */,
			);
			name = "Support Files";
			sourceTree = "<group>";
		};
		FF50109D22DD20F70035E83C /* Support Files */ = {
			isa = PBXGroup;
			children = (
				CBD67D8622DFC45200998516 /* PsorcastValidation.entitlements */,
				FF5010A722DD22A50035E83C /* BridgeInfo-private.plist */,
				FF5010A622DD22A50035E83C /* psorcast-validation.pem */,
				FF50109E22DD21420035E83C /* BridgeInfo.plist */,
				FFABCBF322DD1F2800D11109 /* Info.plist */,
			);
			name = "Support Files";
			sourceTree = "<group>";
		};
		FFABCBB522DD1EEB00D11109 = {
			isa = PBXGroup;
			children = (
				FFABCBC022DD1EEB00D11109 /* Psorcast */,
				FFABCBE622DD1F2800D11109 /* PsorcastValidation */,
				FFABCBD522DD1EEC00D11109 /* PsorcastTests */,
				CB9F5E4122E0C27D003FBCEF /* PsorcastValidationTests */,
				CB9F5E5022E0C2BA003FBCEF /* PsorcastTests */,
				FFABCC0A22DD1FE800D11109 /* Frameworks */,
				FFABCBBF22DD1EEB00D11109 /* Products */,
			);
			sourceTree = "<group>";
		};
		FFABCBBF22DD1EEB00D11109 /* Products */ = {
			isa = PBXGroup;
			children = (
				FFABCBBE22DD1EEB00D11109 /* Psorcast.app */,
				FFABCBE522DD1F2800D11109 /* PsorcastValidation.app */,
				CB9F5E4022E0C27C003FBCEF /* PsorcastValidationTests.xctest */,
				CB9F5E4F22E0C2BA003FBCEF /* PsorcastTests.xctest */,
			);
			name = Products;
			sourceTree = "<group>";
		};
		FFABCBC022DD1EEB00D11109 /* Psorcast */ = {
			isa = PBXGroup;
			children = (
				FFABCBC122DD1EEB00D11109 /* AppDelegate.swift */,
				FFABCBC322DD1EEB00D11109 /* ViewController.swift */,
				FFABCBC522DD1EEB00D11109 /* Main.storyboard */,
				FFABCBC822DD1EEC00D11109 /* Assets.xcassets */,
				FFABCBCA22DD1EEC00D11109 /* LaunchScreen.storyboard */,
				FF50109C22DD20DE0035E83C /* Support Files */,
			);
			path = Psorcast;
			sourceTree = "<group>";
		};
		FFABCBD522DD1EEC00D11109 /* PsorcastTests */ = {
			isa = PBXGroup;
			children = (
				FFABCBD622DD1EEC00D11109 /* PsorcastTests.swift */,
				FFABCBD822DD1EEC00D11109 /* Info.plist */,
			);
			path = PsorcastTests;
			sourceTree = "<group>";
		};
		FFABCBE622DD1F2800D11109 /* PsorcastValidation */ = {
			isa = PBXGroup;
			children = (
				FFABCBE722DD1F2800D11109 /* AppDelegate.swift */,
				FFABCBE922DD1F2800D11109 /* ViewController.swift */,
				FFABCBEB22DD1F2800D11109 /* Main.storyboard */,
				FFABCBEE22DD1F2800D11109 /* Assets.xcassets */,
				FFABCBF022DD1F2800D11109 /* LaunchScreen.storyboard */,
				CBD67D8922DFC5B500998516 /* Model */,
				CBD67D8222DFB8F600998516 /* ViewControllers */,
				CBD67D8E22DFC69700998516 /* ObjC */,
				CBD67D7F22DFB8C400998516 /* Resources */,
				FF50109D22DD20F70035E83C /* Support Files */,
			);
			path = PsorcastValidation;
			sourceTree = "<group>";
		};
		FFABCC0A22DD1FE800D11109 /* Frameworks */ = {
			isa = PBXGroup;
			children = (
				FFABCC0722DD1FDB00D11109 /* BridgeSDK.framework */,
				FFABCC0422DD1FCF00D11109 /* BridgeApp.framework */,
				FFABCC0122DD1FC900D11109 /* MotorControl.framework */,
				FFABCBFE22DD1FBC00D11109 /* ResearchMotion.framework */,
				FFABCBFB22DD1FB500D11109 /* ResearchUI.framework */,
				FFABCBF722DD1FAB00D11109 /* Research.framework */,
			);
			name = Frameworks;
			sourceTree = "<group>";
		};
/* End PBXGroup section */

/* Begin PBXNativeTarget section */
		CB9F5E3F22E0C27C003FBCEF /* PsorcastValidationTests */ = {
			isa = PBXNativeTarget;
			buildConfigurationList = CB9F5E4722E0C27D003FBCEF /* Build configuration list for PBXNativeTarget "PsorcastValidationTests" */;
			buildPhases = (
				CB9F5E3C22E0C27C003FBCEF /* Sources */,
				CB9F5E3D22E0C27C003FBCEF /* Frameworks */,
				CB9F5E3E22E0C27C003FBCEF /* Resources */,
			);
			buildRules = (
			);
			dependencies = (
				CB9F5E4622E0C27D003FBCEF /* PBXTargetDependency */,
			);
			name = PsorcastValidationTests;
			productName = PsorcastValidationTests;
			productReference = CB9F5E4022E0C27C003FBCEF /* PsorcastValidationTests.xctest */;
			productType = "com.apple.product-type.bundle.unit-test";
		};
		CB9F5E4E22E0C2BA003FBCEF /* PsorcastTests */ = {
			isa = PBXNativeTarget;
			buildConfigurationList = CB9F5E5622E0C2BA003FBCEF /* Build configuration list for PBXNativeTarget "PsorcastTests" */;
			buildPhases = (
				CB9F5E4B22E0C2BA003FBCEF /* Sources */,
				CB9F5E4C22E0C2BA003FBCEF /* Frameworks */,
				CB9F5E4D22E0C2BA003FBCEF /* Resources */,
			);
			buildRules = (
			);
			dependencies = (
				CB9F5E5522E0C2BA003FBCEF /* PBXTargetDependency */,
			);
			name = PsorcastTests;
			productName = PsorcastTests;
			productReference = CB9F5E4F22E0C2BA003FBCEF /* PsorcastTests.xctest */;
			productType = "com.apple.product-type.bundle.unit-test";
		};
		FFABCBBD22DD1EEB00D11109 /* Psorcast */ = {
			isa = PBXNativeTarget;
			buildConfigurationList = FFABCBDB22DD1EEC00D11109 /* Build configuration list for PBXNativeTarget "Psorcast" */;
			buildPhases = (
				FFABCBBA22DD1EEB00D11109 /* Sources */,
				FFABCBBB22DD1EEB00D11109 /* Frameworks */,
				FFABCBBC22DD1EEB00D11109 /* Resources */,
			);
			buildRules = (
			);
			dependencies = (
			);
			name = Psorcast;
			productName = Psorcast;
			productReference = FFABCBBE22DD1EEB00D11109 /* Psorcast.app */;
			productType = "com.apple.product-type.application";
		};
		FFABCBE422DD1F2800D11109 /* PsorcastValidation */ = {
			isa = PBXNativeTarget;
			buildConfigurationList = FFABCBF422DD1F2800D11109 /* Build configuration list for PBXNativeTarget "PsorcastValidation" */;
			buildPhases = (
				FFABCBE122DD1F2800D11109 /* Sources */,
				FFABCBE222DD1F2800D11109 /* Frameworks */,
				FFABCBE322DD1F2800D11109 /* Resources */,
				FFABCBFA22DD1FAC00D11109 /* Embed Frameworks */,
			);
			buildRules = (
			);
			dependencies = (
			);
			name = PsorcastValidation;
			productName = PsorcastValidation;
			productReference = FFABCBE522DD1F2800D11109 /* PsorcastValidation.app */;
			productType = "com.apple.product-type.application";
		};
/* End PBXNativeTarget section */

/* Begin PBXProject section */
		FFABCBB622DD1EEB00D11109 /* Project object */ = {
			isa = PBXProject;
			attributes = {
				LastSwiftUpdateCheck = 1020;
				LastUpgradeCheck = 1020;
				ORGANIZATIONNAME = "Sage Bionetworks";
				TargetAttributes = {
					CB9F5E3F22E0C27C003FBCEF = {
						CreatedOnToolsVersion = 10.2.1;
						TestTargetID = FFABCBE422DD1F2800D11109;
					};
					CB9F5E4E22E0C2BA003FBCEF = {
						CreatedOnToolsVersion = 10.2.1;
						TestTargetID = FFABCBBD22DD1EEB00D11109;
					};
					FFABCBBD22DD1EEB00D11109 = {
						CreatedOnToolsVersion = 10.2.1;
					};
					FFABCBE422DD1F2800D11109 = {
						CreatedOnToolsVersion = 10.2.1;
						LastSwiftMigration = 1020;
						SystemCapabilities = {
							com.apple.ApplicationGroups.iOS = {
								enabled = 1;
							};
							com.apple.DataProtection = {
								enabled = 1;
							};
						};
					};
				};
			};
			buildConfigurationList = FFABCBB922DD1EEB00D11109 /* Build configuration list for PBXProject "Psorcast" */;
			compatibilityVersion = "Xcode 9.3";
			developmentRegion = en;
			hasScannedForEncodings = 0;
			knownRegions = (
				en,
				Base,
			);
			mainGroup = FFABCBB522DD1EEB00D11109;
			productRefGroup = FFABCBBF22DD1EEB00D11109 /* Products */;
			projectDirPath = "";
			projectRoot = "";
			targets = (
				FFABCBBD22DD1EEB00D11109 /* Psorcast */,
				FFABCBE422DD1F2800D11109 /* PsorcastValidation */,
				CB9F5E3F22E0C27C003FBCEF /* PsorcastValidationTests */,
				CB9F5E4E22E0C2BA003FBCEF /* PsorcastTests */,
			);
		};
/* End PBXProject section */

/* Begin PBXResourcesBuildPhase section */
		CB9F5E3E22E0C27C003FBCEF /* Resources */ = {
			isa = PBXResourcesBuildPhase;
			buildActionMask = 2147483647;
			files = (
			);
			runOnlyForDeploymentPostprocessing = 0;
		};
		CB9F5E4D22E0C2BA003FBCEF /* Resources */ = {
			isa = PBXResourcesBuildPhase;
			buildActionMask = 2147483647;
			files = (
			);
			runOnlyForDeploymentPostprocessing = 0;
		};
		FFABCBBC22DD1EEB00D11109 /* Resources */ = {
			isa = PBXResourcesBuildPhase;
			buildActionMask = 2147483647;
			files = (
				CB9F5E2222E0BED3003FBCEF /* lato_italic.ttf in Resources */,
				FFABCBCC22DD1EEC00D11109 /* LaunchScreen.storyboard in Resources */,
				CB9F5E2522E0BED3003FBCEF /* lato_regular.ttf in Resources */,
				CB9F5E1F22E0BED3003FBCEF /* lato_black.ttf in Resources */,
				CB9F5E2322E0BED3003FBCEF /* lato_light.ttf in Resources */,
				FFABCBC922DD1EEC00D11109 /* Assets.xcassets in Resources */,
				FFABCBC722DD1EEB00D11109 /* Main.storyboard in Resources */,
				CB9F5E2122E0BED3003FBCEF /* lato_bolditalic.ttf in Resources */,
				CB9F5E2422E0BED3003FBCEF /* lato_lightitalic.ttf in Resources */,
				FF5010A122DD214A0035E83C /* BridgeInfo.plist in Resources */,
				CB9F5E2022E0BED3003FBCEF /* lato_bold.ttf in Resources */,
			);
			runOnlyForDeploymentPostprocessing = 0;
		};
		FFABCBE322DD1F2800D11109 /* Resources */ = {
			isa = PBXResourcesBuildPhase;
			buildActionMask = 2147483647;
			files = (
				CB5E95FB22EE7A390001AAFE /* ParticipantIDRegistrationViewController.xib in Resources */,
				CB55C7402319A18300EA0C19 /* JointPainCompletionStepViewController.xib in Resources */,
				CB9F5E2922E0BED4003FBCEF /* lato_italic.ttf in Resources */,
				CB9F5E2622E0BED4003FBCEF /* lato_black.ttf in Resources */,
				CBD67D8122DFB8DE00998516 /* Psorcast.strings in Resources */,
				FFABCBF222DD1F2800D11109 /* LaunchScreen.storyboard in Resources */,
				FFABCBEF22DD1F2800D11109 /* Assets.xcassets in Resources */,
				FFABCBED22DD1F2800D11109 /* Main.storyboard in Resources */,
				CB9F5E2722E0BED4003FBCEF /* lato_bold.ttf in Resources */,
				CB55C72D2317859700EA0C19 /* JointPainStepViewController.xib in Resources */,
				CBD67D9922DFDC4E00998516 /* ImageCaptureStepViewController.xib in Resources */,
				CB55C7152317391600EA0C19 /* JointCounting.json in Resources */,
				CB9F5E2822E0BED4003FBCEF /* lato_bolditalic.ttf in Resources */,
				CB9F5E2A22E0BED4003FBCEF /* lato_light.ttf in Resources */,
				FF5010A822DD22A50035E83C /* psorcast-validation.pem in Resources */,
				CB5E960A22EE920D0001AAFE /* ExternalIDRegistrationViewController.xib in Resources */,
				CB9F5E2C22E0BED4003FBCEF /* lato_regular.ttf in Resources */,
				CBD67D9C22DFE11B00998516 /* FootImaging.json in Resources */,
				FF50109F22DD21420035E83C /* BridgeInfo.plist in Resources */,
				CB9F5E2B22E0BED4003FBCEF /* lato_lightitalic.ttf in Resources */,
				FF5010A922DD22A50035E83C /* BridgeInfo-private.plist in Resources */,
				CBD67D9622DFDABE00998516 /* HandImaging.json in Resources */,
			);
			runOnlyForDeploymentPostprocessing = 0;
		};
/* End PBXResourcesBuildPhase section */

/* Begin PBXSourcesBuildPhase section */
		CB9F5E3C22E0C27C003FBCEF /* Sources */ = {
			isa = PBXSourcesBuildPhase;
			buildActionMask = 2147483647;
			files = (
				CB55C73123187BB300EA0C19 /* CodableResultObjectTests.swift in Sources */,
				CB55C7332318832400EA0C19 /* JointPainImageViewTests.swift in Sources */,
				CB9F5E5B22E0C531003FBCEF /* CopyStepTests.swift in Sources */,
				CB55C73C23198A1F00EA0C19 /* JointPainStepViewControllerTests.swift in Sources */,
				CB9F5E5C22E0C531003FBCEF /* CodableStepObjectTests.swift in Sources */,
				CB9F5E4A22E0C2AA003FBCEF /* TaskListScheduleManagerTests.swift in Sources */,
			);
			runOnlyForDeploymentPostprocessing = 0;
		};
		CB9F5E4B22E0C2BA003FBCEF /* Sources */ = {
			isa = PBXSourcesBuildPhase;
			buildActionMask = 2147483647;
			files = (
				CB9F5E5222E0C2BA003FBCEF /* PsorcastTests.swift in Sources */,
			);
			runOnlyForDeploymentPostprocessing = 0;
		};
		FFABCBBA22DD1EEB00D11109 /* Sources */ = {
			isa = PBXSourcesBuildPhase;
			buildActionMask = 2147483647;
			files = (
				FFABCBC422DD1EEB00D11109 /* ViewController.swift in Sources */,
				FFABCBC222DD1EEB00D11109 /* AppDelegate.swift in Sources */,
			);
			runOnlyForDeploymentPostprocessing = 0;
		};
		FFABCBE122DD1F2800D11109 /* Sources */ = {
			isa = PBXSourcesBuildPhase;
			buildActionMask = 2147483647;
			files = (
				CBD67D9122DFC6B400998516 /* BuildDateUtil.m in Sources */,
				CB55C7382319718D00EA0C19 /* JointPainStepObject.swift in Sources */,
				CBD67D9A22DFDC4E00998516 /* ImageCaptureStepViewController.swift in Sources */,
				FFABCBEA22DD1F2800D11109 /* ViewController.swift in Sources */,
				CBD67D9322DFC71E00998516 /* TaskFactory.swift in Sources */,
				FFABCBE822DD1F2800D11109 /* AppDelegate.swift in Sources */,
				CB55C725231773FF00EA0C19 /* JointPainStepViewController.swift in Sources */,
				CB55C73E23198C1000EA0C19 /* JointPainCompletionStepViewController.swift in Sources */,
				CBD67D8822DFC59B00998516 /* TaskListTableViewController.swift in Sources */,
				CB55C71723173D6A00EA0C19 /* JointSelectionStepViewController.swift in Sources */,
				CBD67D8422DFB90C00998516 /* ExternalIDRegistrationViewController.swift in Sources */,
				CB55C72F231848CD00EA0C19 /* JointPainResultObject.swift in Sources */,
				CBD67D8D22DFC5EE00998516 /* MotorControl+Bridge.swift in Sources */,
				CB55C73A231972BE00EA0C19 /* JointPainImageView.swift in Sources */,
				CB6F54F022E25C5B0073BFE9 /* ParticipantIDRegistrationViewController.swift in Sources */,
				CBD67D8B22DFC5CA00998516 /* TaskListScheduleManager.swift in Sources */,
			);
			runOnlyForDeploymentPostprocessing = 0;
		};
/* End PBXSourcesBuildPhase section */

/* Begin PBXTargetDependency section */
		CB9F5E4622E0C27D003FBCEF /* PBXTargetDependency */ = {
			isa = PBXTargetDependency;
			target = FFABCBE422DD1F2800D11109 /* PsorcastValidation */;
			targetProxy = CB9F5E4522E0C27D003FBCEF /* PBXContainerItemProxy */;
		};
		CB9F5E5522E0C2BA003FBCEF /* PBXTargetDependency */ = {
			isa = PBXTargetDependency;
			target = FFABCBBD22DD1EEB00D11109 /* Psorcast */;
			targetProxy = CB9F5E5422E0C2BA003FBCEF /* PBXContainerItemProxy */;
		};
/* End PBXTargetDependency section */

/* Begin PBXVariantGroup section */
		FFABCBC522DD1EEB00D11109 /* Main.storyboard */ = {
			isa = PBXVariantGroup;
			children = (
				FFABCBC622DD1EEB00D11109 /* Base */,
			);
			name = Main.storyboard;
			sourceTree = "<group>";
		};
		FFABCBCA22DD1EEC00D11109 /* LaunchScreen.storyboard */ = {
			isa = PBXVariantGroup;
			children = (
				FFABCBCB22DD1EEC00D11109 /* Base */,
			);
			name = LaunchScreen.storyboard;
			sourceTree = "<group>";
		};
		FFABCBEB22DD1F2800D11109 /* Main.storyboard */ = {
			isa = PBXVariantGroup;
			children = (
				FFABCBEC22DD1F2800D11109 /* Base */,
			);
			name = Main.storyboard;
			sourceTree = "<group>";
		};
		FFABCBF022DD1F2800D11109 /* LaunchScreen.storyboard */ = {
			isa = PBXVariantGroup;
			children = (
				FFABCBF122DD1F2800D11109 /* Base */,
			);
			name = LaunchScreen.storyboard;
			sourceTree = "<group>";
		};
/* End PBXVariantGroup section */

/* Begin XCBuildConfiguration section */
		CB9F5E4822E0C27D003FBCEF /* Debug */ = {
			isa = XCBuildConfiguration;
			buildSettings = {
				BUNDLE_LOADER = "$(TEST_HOST)";
				CODE_SIGN_STYLE = Automatic;
				DEVELOPMENT_TEAM = KA9Z8R6M6K;
				INFOPLIST_FILE = PsorcastValidationTests/Info.plist;
				LD_RUNPATH_SEARCH_PATHS = (
					"$(inherited)",
					"@executable_path/Frameworks",
					"@loader_path/Frameworks",
				);
				PRODUCT_BUNDLE_IDENTIFIER = org.sagebionetworks.PsorcastValidationTests;
				PRODUCT_NAME = "$(TARGET_NAME)";
				SWIFT_VERSION = 5.0;
				TARGETED_DEVICE_FAMILY = "1,2";
				TEST_HOST = "$(BUILT_PRODUCTS_DIR)/PsorcastValidation.app/PsorcastValidation";
			};
			name = Debug;
		};
		CB9F5E4922E0C27D003FBCEF /* Release */ = {
			isa = XCBuildConfiguration;
			buildSettings = {
				BUNDLE_LOADER = "$(TEST_HOST)";
				CODE_SIGN_STYLE = Automatic;
				DEVELOPMENT_TEAM = KA9Z8R6M6K;
				INFOPLIST_FILE = PsorcastValidationTests/Info.plist;
				LD_RUNPATH_SEARCH_PATHS = (
					"$(inherited)",
					"@executable_path/Frameworks",
					"@loader_path/Frameworks",
				);
				PRODUCT_BUNDLE_IDENTIFIER = org.sagebionetworks.PsorcastValidationTests;
				PRODUCT_NAME = "$(TARGET_NAME)";
				SWIFT_VERSION = 5.0;
				TARGETED_DEVICE_FAMILY = "1,2";
				TEST_HOST = "$(BUILT_PRODUCTS_DIR)/PsorcastValidation.app/PsorcastValidation";
			};
			name = Release;
		};
		CB9F5E5722E0C2BA003FBCEF /* Debug */ = {
			isa = XCBuildConfiguration;
			buildSettings = {
				BUNDLE_LOADER = "$(TEST_HOST)";
				CODE_SIGN_STYLE = Automatic;
				DEVELOPMENT_TEAM = KA9Z8R6M6K;
				INFOPLIST_FILE = PsorcastTests/Info.plist;
				LD_RUNPATH_SEARCH_PATHS = (
					"$(inherited)",
					"@executable_path/Frameworks",
					"@loader_path/Frameworks",
				);
				PRODUCT_BUNDLE_IDENTIFIER = org.sagebionetworks.PsorcastTests;
				PRODUCT_NAME = "$(TARGET_NAME)";
				SWIFT_VERSION = 5.0;
				TARGETED_DEVICE_FAMILY = "1,2";
				TEST_HOST = "$(BUILT_PRODUCTS_DIR)/Psorcast.app/Psorcast";
			};
			name = Debug;
		};
		CB9F5E5822E0C2BA003FBCEF /* Release */ = {
			isa = XCBuildConfiguration;
			buildSettings = {
				BUNDLE_LOADER = "$(TEST_HOST)";
				CODE_SIGN_STYLE = Automatic;
				DEVELOPMENT_TEAM = KA9Z8R6M6K;
				INFOPLIST_FILE = PsorcastTests/Info.plist;
				LD_RUNPATH_SEARCH_PATHS = (
					"$(inherited)",
					"@executable_path/Frameworks",
					"@loader_path/Frameworks",
				);
				PRODUCT_BUNDLE_IDENTIFIER = org.sagebionetworks.PsorcastTests;
				PRODUCT_NAME = "$(TARGET_NAME)";
				SWIFT_VERSION = 5.0;
				TARGETED_DEVICE_FAMILY = "1,2";
				TEST_HOST = "$(BUILT_PRODUCTS_DIR)/Psorcast.app/Psorcast";
			};
			name = Release;
		};
		FFABCBD922DD1EEC00D11109 /* Debug */ = {
			isa = XCBuildConfiguration;
			buildSettings = {
				ALWAYS_SEARCH_USER_PATHS = NO;
				CLANG_ANALYZER_NONNULL = YES;
				CLANG_ANALYZER_NUMBER_OBJECT_CONVERSION = YES_AGGRESSIVE;
				CLANG_CXX_LANGUAGE_STANDARD = "gnu++14";
				CLANG_CXX_LIBRARY = "libc++";
				CLANG_ENABLE_MODULES = YES;
				CLANG_ENABLE_OBJC_ARC = YES;
				CLANG_ENABLE_OBJC_WEAK = YES;
				CLANG_WARN_BLOCK_CAPTURE_AUTORELEASING = YES;
				CLANG_WARN_BOOL_CONVERSION = YES;
				CLANG_WARN_COMMA = YES;
				CLANG_WARN_CONSTANT_CONVERSION = YES;
				CLANG_WARN_DEPRECATED_OBJC_IMPLEMENTATIONS = YES;
				CLANG_WARN_DIRECT_OBJC_ISA_USAGE = YES_ERROR;
				CLANG_WARN_DOCUMENTATION_COMMENTS = YES;
				CLANG_WARN_EMPTY_BODY = YES;
				CLANG_WARN_ENUM_CONVERSION = YES;
				CLANG_WARN_INFINITE_RECURSION = YES;
				CLANG_WARN_INT_CONVERSION = YES;
				CLANG_WARN_NON_LITERAL_NULL_CONVERSION = YES;
				CLANG_WARN_OBJC_IMPLICIT_RETAIN_SELF = YES;
				CLANG_WARN_OBJC_LITERAL_CONVERSION = YES;
				CLANG_WARN_OBJC_ROOT_CLASS = YES_ERROR;
				CLANG_WARN_RANGE_LOOP_ANALYSIS = YES;
				CLANG_WARN_STRICT_PROTOTYPES = YES;
				CLANG_WARN_SUSPICIOUS_MOVE = YES;
				CLANG_WARN_UNGUARDED_AVAILABILITY = YES_AGGRESSIVE;
				CLANG_WARN_UNREACHABLE_CODE = YES;
				CLANG_WARN__DUPLICATE_METHOD_MATCH = YES;
				CODE_SIGN_IDENTITY = "iPhone Developer";
				COPY_PHASE_STRIP = NO;
				DEBUG_INFORMATION_FORMAT = dwarf;
				ENABLE_STRICT_OBJC_MSGSEND = YES;
				ENABLE_TESTABILITY = YES;
				GCC_C_LANGUAGE_STANDARD = gnu11;
				GCC_DYNAMIC_NO_PIC = NO;
				GCC_NO_COMMON_BLOCKS = YES;
				GCC_OPTIMIZATION_LEVEL = 0;
				GCC_PREPROCESSOR_DEFINITIONS = (
					"DEBUG=1",
					"$(inherited)",
				);
				GCC_WARN_64_TO_32_BIT_CONVERSION = YES;
				GCC_WARN_ABOUT_RETURN_TYPE = YES_ERROR;
				GCC_WARN_UNDECLARED_SELECTOR = YES;
				GCC_WARN_UNINITIALIZED_AUTOS = YES_AGGRESSIVE;
				GCC_WARN_UNUSED_FUNCTION = YES;
				GCC_WARN_UNUSED_VARIABLE = YES;
				IPHONEOS_DEPLOYMENT_TARGET = 12.2;
				MTL_ENABLE_DEBUG_INFO = INCLUDE_SOURCE;
				MTL_FAST_MATH = YES;
				ONLY_ACTIVE_ARCH = YES;
				SDKROOT = iphoneos;
				SWIFT_ACTIVE_COMPILATION_CONDITIONS = DEBUG;
				SWIFT_OPTIMIZATION_LEVEL = "-Onone";
			};
			name = Debug;
		};
		FFABCBDA22DD1EEC00D11109 /* Release */ = {
			isa = XCBuildConfiguration;
			buildSettings = {
				ALWAYS_SEARCH_USER_PATHS = NO;
				CLANG_ANALYZER_NONNULL = YES;
				CLANG_ANALYZER_NUMBER_OBJECT_CONVERSION = YES_AGGRESSIVE;
				CLANG_CXX_LANGUAGE_STANDARD = "gnu++14";
				CLANG_CXX_LIBRARY = "libc++";
				CLANG_ENABLE_MODULES = YES;
				CLANG_ENABLE_OBJC_ARC = YES;
				CLANG_ENABLE_OBJC_WEAK = YES;
				CLANG_WARN_BLOCK_CAPTURE_AUTORELEASING = YES;
				CLANG_WARN_BOOL_CONVERSION = YES;
				CLANG_WARN_COMMA = YES;
				CLANG_WARN_CONSTANT_CONVERSION = YES;
				CLANG_WARN_DEPRECATED_OBJC_IMPLEMENTATIONS = YES;
				CLANG_WARN_DIRECT_OBJC_ISA_USAGE = YES_ERROR;
				CLANG_WARN_DOCUMENTATION_COMMENTS = YES;
				CLANG_WARN_EMPTY_BODY = YES;
				CLANG_WARN_ENUM_CONVERSION = YES;
				CLANG_WARN_INFINITE_RECURSION = YES;
				CLANG_WARN_INT_CONVERSION = YES;
				CLANG_WARN_NON_LITERAL_NULL_CONVERSION = YES;
				CLANG_WARN_OBJC_IMPLICIT_RETAIN_SELF = YES;
				CLANG_WARN_OBJC_LITERAL_CONVERSION = YES;
				CLANG_WARN_OBJC_ROOT_CLASS = YES_ERROR;
				CLANG_WARN_RANGE_LOOP_ANALYSIS = YES;
				CLANG_WARN_STRICT_PROTOTYPES = YES;
				CLANG_WARN_SUSPICIOUS_MOVE = YES;
				CLANG_WARN_UNGUARDED_AVAILABILITY = YES_AGGRESSIVE;
				CLANG_WARN_UNREACHABLE_CODE = YES;
				CLANG_WARN__DUPLICATE_METHOD_MATCH = YES;
				CODE_SIGN_IDENTITY = "iPhone Developer";
				COPY_PHASE_STRIP = NO;
				DEBUG_INFORMATION_FORMAT = "dwarf-with-dsym";
				ENABLE_NS_ASSERTIONS = NO;
				ENABLE_STRICT_OBJC_MSGSEND = YES;
				GCC_C_LANGUAGE_STANDARD = gnu11;
				GCC_NO_COMMON_BLOCKS = YES;
				GCC_WARN_64_TO_32_BIT_CONVERSION = YES;
				GCC_WARN_ABOUT_RETURN_TYPE = YES_ERROR;
				GCC_WARN_UNDECLARED_SELECTOR = YES;
				GCC_WARN_UNINITIALIZED_AUTOS = YES_AGGRESSIVE;
				GCC_WARN_UNUSED_FUNCTION = YES;
				GCC_WARN_UNUSED_VARIABLE = YES;
				IPHONEOS_DEPLOYMENT_TARGET = 12.2;
				MTL_ENABLE_DEBUG_INFO = NO;
				MTL_FAST_MATH = YES;
				SDKROOT = iphoneos;
				SWIFT_COMPILATION_MODE = wholemodule;
				SWIFT_OPTIMIZATION_LEVEL = "-O";
				VALIDATE_PRODUCT = YES;
			};
			name = Release;
		};
		FFABCBDC22DD1EEC00D11109 /* Debug */ = {
			isa = XCBuildConfiguration;
			buildSettings = {
				ASSETCATALOG_COMPILER_APPICON_NAME = AppIcon;
				CODE_SIGN_IDENTITY = "iPhone Developer";
				CODE_SIGN_STYLE = Manual;
				DEVELOPMENT_TEAM = KA9Z8R6M6K;
				INFOPLIST_FILE = Psorcast/Info.plist;
				LD_RUNPATH_SEARCH_PATHS = (
					"$(inherited)",
					"@executable_path/Frameworks",
				);
				PRODUCT_BUNDLE_IDENTIFIER = org.sagebionetworks.Psorcast;
				PRODUCT_NAME = "$(TARGET_NAME)";
				PROVISIONING_PROFILE_SPECIFIER = "match Development org.sagebionetworks.Psorcast";
				SWIFT_VERSION = 5.0;
				TARGETED_DEVICE_FAMILY = 1;
			};
			name = Debug;
		};
		FFABCBDD22DD1EEC00D11109 /* Release */ = {
			isa = XCBuildConfiguration;
			buildSettings = {
				ASSETCATALOG_COMPILER_APPICON_NAME = AppIcon;
				CODE_SIGN_IDENTITY = "iPhone Distribution";
				CODE_SIGN_STYLE = Manual;
				DEVELOPMENT_TEAM = KA9Z8R6M6K;
				INFOPLIST_FILE = Psorcast/Info.plist;
				LD_RUNPATH_SEARCH_PATHS = (
					"$(inherited)",
					"@executable_path/Frameworks",
				);
				PRODUCT_BUNDLE_IDENTIFIER = org.sagebionetworks.Psorcast;
				PRODUCT_NAME = "$(TARGET_NAME)";
				PROVISIONING_PROFILE_SPECIFIER = "match Distribution org.sagebionetworks.Psorcast";
				SWIFT_VERSION = 5.0;
				TARGETED_DEVICE_FAMILY = 1;
			};
			name = Release;
		};
		FFABCBF522DD1F2800D11109 /* Debug */ = {
			isa = XCBuildConfiguration;
			buildSettings = {
				ASSETCATALOG_COMPILER_APPICON_NAME = AppIcon;
				CLANG_ENABLE_MODULES = YES;
				CODE_SIGN_ENTITLEMENTS = PsorcastValidation/PsorcastValidation.entitlements;
				CODE_SIGN_IDENTITY = "iPhone Developer";
				CODE_SIGN_STYLE = Manual;
				DEVELOPMENT_TEAM = KA9Z8R6M6K;
				INFOPLIST_FILE = PsorcastValidation/Info.plist;
				LD_RUNPATH_SEARCH_PATHS = (
					"$(inherited)",
					"@executable_path/Frameworks",
				);
				PRODUCT_BUNDLE_IDENTIFIER = org.sageBionetworks.psorcastValidation0;
				PRODUCT_NAME = "$(TARGET_NAME)";
				PROVISIONING_PROFILE_SPECIFIER = "match Development org.sageBionetworks.psorcastValidation0";
				SWIFT_OBJC_BRIDGING_HEADER = "PsorcastValidation/PsorcastValidation-Bridging-Header.h";
				SWIFT_OPTIMIZATION_LEVEL = "-Onone";
				SWIFT_VERSION = 5.0;
				TARGETED_DEVICE_FAMILY = 1;
			};
			name = Debug;
		};
		FFABCBF622DD1F2800D11109 /* Release */ = {
			isa = XCBuildConfiguration;
			buildSettings = {
				ASSETCATALOG_COMPILER_APPICON_NAME = AppIcon;
				CLANG_ENABLE_MODULES = YES;
				CODE_SIGN_ENTITLEMENTS = PsorcastValidation/PsorcastValidation.entitlements;
				CODE_SIGN_IDENTITY = "iPhone Distribution";
				CODE_SIGN_STYLE = Manual;
				DEVELOPMENT_TEAM = KA9Z8R6M6K;
				INFOPLIST_FILE = PsorcastValidation/Info.plist;
				LD_RUNPATH_SEARCH_PATHS = (
					"$(inherited)",
					"@executable_path/Frameworks",
				);
				PRODUCT_BUNDLE_IDENTIFIER = org.sageBionetworks.psorcastValidation0;
				PRODUCT_NAME = "$(TARGET_NAME)";
				PROVISIONING_PROFILE_SPECIFIER = "match Distribution org.sageBionetworks.psorcastValidation0";
				SWIFT_OBJC_BRIDGING_HEADER = "PsorcastValidation/PsorcastValidation-Bridging-Header.h";
				SWIFT_VERSION = 5.0;
				TARGETED_DEVICE_FAMILY = 1;
			};
			name = Release;
		};
/* End XCBuildConfiguration section */

/* Begin XCConfigurationList section */
		CB9F5E4722E0C27D003FBCEF /* Build configuration list for PBXNativeTarget "PsorcastValidationTests" */ = {
			isa = XCConfigurationList;
			buildConfigurations = (
				CB9F5E4822E0C27D003FBCEF /* Debug */,
				CB9F5E4922E0C27D003FBCEF /* Release */,
			);
			defaultConfigurationIsVisible = 0;
			defaultConfigurationName = Release;
		};
		CB9F5E5622E0C2BA003FBCEF /* Build configuration list for PBXNativeTarget "PsorcastTests" */ = {
			isa = XCConfigurationList;
			buildConfigurations = (
				CB9F5E5722E0C2BA003FBCEF /* Debug */,
				CB9F5E5822E0C2BA003FBCEF /* Release */,
			);
			defaultConfigurationIsVisible = 0;
			defaultConfigurationName = Release;
		};
		FFABCBB922DD1EEB00D11109 /* Build configuration list for PBXProject "Psorcast" */ = {
			isa = XCConfigurationList;
			buildConfigurations = (
				FFABCBD922DD1EEC00D11109 /* Debug */,
				FFABCBDA22DD1EEC00D11109 /* Release */,
			);
			defaultConfigurationIsVisible = 0;
			defaultConfigurationName = Release;
		};
		FFABCBDB22DD1EEC00D11109 /* Build configuration list for PBXNativeTarget "Psorcast" */ = {
			isa = XCConfigurationList;
			buildConfigurations = (
				FFABCBDC22DD1EEC00D11109 /* Debug */,
				FFABCBDD22DD1EEC00D11109 /* Release */,
			);
			defaultConfigurationIsVisible = 0;
			defaultConfigurationName = Release;
		};
		FFABCBF422DD1F2800D11109 /* Build configuration list for PBXNativeTarget "PsorcastValidation" */ = {
			isa = XCConfigurationList;
			buildConfigurations = (
				FFABCBF522DD1F2800D11109 /* Debug */,
				FFABCBF622DD1F2800D11109 /* Release */,
			);
			defaultConfigurationIsVisible = 0;
			defaultConfigurationName = Release;
		};
/* End XCConfigurationList section */
	};
	rootObject = FFABCBB622DD1EEB00D11109 /* Project object */;
}
